
Microsoft Visual Studio Solution File, Format Version 12.00
# Visual Studio Version 17
VisualStudioVersion = 17.0.31903.59
MinimumVisualStudioVersion = 10.0.40219.1
Project("{FAE04EC0-301F-11D3-BF4B-00C04F79EFBC}") = "api", "api\api.csproj", "{400689F8-021E-4B02-89B8-31366BA60453}"
EndProject
Project("{FAE04EC0-301F-11D3-BF4B-00C04F79EFBC}") = "api-tests", "api-tests\api-tests.csproj", "{7E7E098D-F02D-4BA5-BFC9-ABB74941D752}"
EndProject
Global
	GlobalSection(SolutionConfigurationPlatforms) = preSolution
		Debug|Any CPU = Debug|Any CPU
		Release|Any CPU = Release|Any CPU
	EndGlobalSection
	GlobalSection(SolutionProperties) = preSolution
		HideSolutionNode = FALSE
	EndGlobalSection
	GlobalSection(ProjectConfigurationPlatforms) = postSolution
		{400689F8-021E-4B02-89B8-31366BA60453}.Debug|Any CPU.ActiveCfg = Debug|Any CPU
		{400689F8-021E-4B02-89B8-31366BA60453}.Debug|Any CPU.Build.0 = Debug|Any CPU
		{400689F8-021E-4B02-89B8-31366BA60453}.Release|Any CPU.ActiveCfg = Release|Any CPU
		{400689F8-021E-4B02-89B8-31366BA60453}.Release|Any CPU.Build.0 = Release|Any CPU
		{7E7E098D-F02D-4BA5-BFC9-ABB74941D752}.Debug|Any CPU.ActiveCfg = Debug|Any CPU
		{7E7E098D-F02D-4BA5-BFC9-ABB74941D752}.Debug|Any CPU.Build.0 = Debug|Any CPU
		{7E7E098D-F02D-4BA5-BFC9-ABB74941D752}.Release|Any CPU.ActiveCfg = Release|Any CPU
		{7E7E098D-F02D-4BA5-BFC9-ABB74941D752}.Release|Any CPU.Build.0 = Release|Any CPU
	EndGlobalSection
EndGlobal
